
Microsoft Visual Studio Solution File, Format Version 12.00
# Visual Studio Version 17
VisualStudioVersion = 17.4.33213.308
MinimumVisualStudioVersion = 10.0.40219.1
Project("{9A19103F-16F7-4668-BE54-9A1E7A4F7556}") = "OwnGame", "OwnGame\OwnGame.csproj", "{E72C82D8-70D6-4CFD-91A1-80B0D83343F2}"
EndProject
Project("{54435603-DBB4-11D2-8724-00A0C9A8B90C}") = "OwnGameInstaller", "OwnGameInstaller\OwnGameInstaller.vdproj", "{2338D30B-A0FB-4C99-A964-9523232F190B}"
EndProject
Global
	GlobalSection(SolutionConfigurationPlatforms) = preSolution
		Debug|Any CPU = Debug|Any CPU
		Release|Any CPU = Release|Any CPU
	EndGlobalSection
	GlobalSection(ProjectConfigurationPlatforms) = postSolution
		{E72C82D8-70D6-4CFD-91A1-80B0D83343F2}.Debug|Any CPU.ActiveCfg = Debug|Any CPU
		{E72C82D8-70D6-4CFD-91A1-80B0D83343F2}.Debug|Any CPU.Build.0 = Debug|Any CPU
		{E72C82D8-70D6-4CFD-91A1-80B0D83343F2}.Release|Any CPU.ActiveCfg = Release|Any CPU
		{E72C82D8-70D6-4CFD-91A1-80B0D83343F2}.Release|Any CPU.Build.0 = Release|Any CPU
		{2338D30B-A0FB-4C99-A964-9523232F190B}.Debug|Any CPU.ActiveCfg = Debug
		{2338D30B-A0FB-4C99-A964-9523232F190B}.Release|Any CPU.ActiveCfg = Release
	EndGlobalSection
	GlobalSection(SolutionProperties) = preSolution
		HideSolutionNode = FALSE
	EndGlobalSection
	GlobalSection(ExtensibilityGlobals) = postSolution
		SolutionGuid = {D25CD5F6-3B19-4EB6-BEDF-56A60414D6AA}
	EndGlobalSection
EndGlobal
